
Microsoft Visual Studio Solution File, Format Version 12.00
# Visual Studio Version 16
VisualStudioVersion = 16.0.29230.47
MinimumVisualStudioVersion = 10.0.40219.1
Project("{8BC9CEB8-8B4A-11D0-8D11-00A0C91BC942}") = "CodeRed", "CodeRed\CodeRed.vcxproj", "{078AE23F-1CC2-43B5-9096-F6238C363520}"
EndProject
Project("{2150E333-8FDC-42A3-9474-1A3956D46DE8}") = "Extensions", "Extensions", "{EEAD68D6-20B5-4EB6-8091-811DCA0C1974}"
EndProject
Project("{8BC9CEB8-8B4A-11D0-8D11-00A0C91BC942}") = "ImGui", "Extensions\ImGui\ImGui.vcxproj", "{F3ACDF05-0A62-466B-A39B-D616B30CB5C5}"
EndProject
Project("{2150E333-8FDC-42A3-9474-1A3956D46DE8}") = "Tools", "Tools", "{FF0977D6-4F88-41CC-B2C9-B5DAD266637C}"
EndProject
Project("{8BC9CEB8-8B4A-11D0-8D11-00A0C91BC942}") = "ShaderCompiler", "Tools\ShaderCompiler\ShaderCompiler.vcxproj", "{844CD36B-0B70-449C-971B-6485F8395B2D}"
EndProject
Project("{2150E333-8FDC-42A3-9474-1A3956D46DE8}") = "Core", "Core", "{C957515E-4834-497F-BB7F-679BF294E551}"
EndProject
Global
	GlobalSection(SolutionConfigurationPlatforms) = preSolution
		Debug|x64 = Debug|x64
		Debug|x86 = Debug|x86
		Release|x64 = Release|x64
		Release|x86 = Release|x86
	EndGlobalSection
	GlobalSection(ProjectConfigurationPlatforms) = postSolution
		{078AE23F-1CC2-43B5-9096-F6238C363520}.Debug|x64.ActiveCfg = Debug|x64
		{078AE23F-1CC2-43B5-9096-F6238C363520}.Debug|x64.Build.0 = Debug|x64
		{078AE23F-1CC2-43B5-9096-F6238C363520}.Debug|x86.ActiveCfg = Debug|Win32
		{078AE23F-1CC2-43B5-9096-F6238C363520}.Debug|x86.Build.0 = Debug|Win32
		{078AE23F-1CC2-43B5-9096-F6238C363520}.Release|x64.ActiveCfg = Release|x64
		{078AE23F-1CC2-43B5-9096-F6238C363520}.Release|x64.Build.0 = Release|x64
		{078AE23F-1CC2-43B5-9096-F6238C363520}.Release|x86.ActiveCfg = Release|Win32
		{078AE23F-1CC2-43B5-9096-F6238C363520}.Release|x86.Build.0 = Release|Win32
		{F3ACDF05-0A62-466B-A39B-D616B30CB5C5}.Debug|x64.ActiveCfg = Debug|x64
		{F3ACDF05-0A62-466B-A39B-D616B30CB5C5}.Debug|x64.Build.0 = Debug|x64
		{F3ACDF05-0A62-466B-A39B-D616B30CB5C5}.Debug|x86.ActiveCfg = Debug|Win32
		{F3ACDF05-0A62-466B-A39B-D616B30CB5C5}.Debug|x86.Build.0 = Debug|Win32
		{F3ACDF05-0A62-466B-A39B-D616B30CB5C5}.Release|x64.ActiveCfg = Release|x64
		{F3ACDF05-0A62-466B-A39B-D616B30CB5C5}.Release|x64.Build.0 = Release|x64
		{F3ACDF05-0A62-466B-A39B-D616B30CB5C5}.Release|x86.ActiveCfg = Release|Win32
		{F3ACDF05-0A62-466B-A39B-D616B30CB5C5}.Release|x86.Build.0 = Release|Win32
		{844CD36B-0B70-449C-971B-6485F8395B2D}.Debug|x64.ActiveCfg = Debug|x64
		{844CD36B-0B70-449C-971B-6485F8395B2D}.Debug|x64.Build.0 = Debug|x64
		{844CD36B-0B70-449C-971B-6485F8395B2D}.Debug|x86.ActiveCfg = Debug|Win32
		{844CD36B-0B70-449C-971B-6485F8395B2D}.Debug|x86.Build.0 = Debug|Win32
		{844CD36B-0B70-449C-971B-6485F8395B2D}.Release|x64.ActiveCfg = Release|x64
		{844CD36B-0B70-449C-971B-6485F8395B2D}.Release|x64.Build.0 = Release|x64
		{844CD36B-0B70-449C-971B-6485F8395B2D}.Release|x86.ActiveCfg = Release|Win32
		{844CD36B-0B70-449C-971B-6485F8395B2D}.Release|x86.Build.0 = Release|Win32
	EndGlobalSection
	GlobalSection(SolutionProperties) = preSolution
		HideSolutionNode = FALSE
	EndGlobalSection
	GlobalSection(NestedProjects) = preSolution
		{078AE23F-1CC2-43B5-9096-F6238C363520} = {C957515E-4834-497F-BB7F-679BF294E551}
		{F3ACDF05-0A62-466B-A39B-D616B30CB5C5} = {EEAD68D6-20B5-4EB6-8091-811DCA0C1974}
		{844CD36B-0B70-449C-971B-6485F8395B2D} = {FF0977D6-4F88-41CC-B2C9-B5DAD266637C}
	EndGlobalSection
	GlobalSection(ExtensibilityGlobals) = postSolution
		SolutionGuid = {A427E749-EEF2-4348-842A-BA049D2FFAF6}
	EndGlobalSection
EndGlobal
