<?xml version="1.0" encoding="utf-8"?>
<Project ToolsVersion="4.0" xmlns="http://schemas.microsoft.com/developer/msbuild/2003">
  <ItemGroup>
    <Filter Include="Interface">
      <UniqueIdentifier>{132f9193-214e-4e88-b462-423d855a4cc7}</UniqueIdentifier>
    </Filter>
    <Filter Include="Interface\GpuResource">
      <UniqueIdentifier>{eb847b49-d5aa-4f9a-801d-88651ce4d884}</UniqueIdentifier>
    </Filter>
    <Filter Include="Interface\GpuPipelineState">
      <UniqueIdentifier>{cb246ab6-e842-4d88-ad78-a8035862f3f9}</UniqueIdentifier>
    </Filter>
    <Filter Include="Vulkan">
      <UniqueIdentifier>{3dcbe29d-c303-4fe2-8673-a5201709d6af}</UniqueIdentifier>
    </Filter>
    <Filter Include="DirectX12">
      <UniqueIdentifier>{bf9d1fca-2732-42db-8a96-7cfc66bbcd90}</UniqueIdentifier>
    </Filter>
    <Filter Include="DirectX12\DirectX12PipelineState">
      <UniqueIdentifier>{1a72c95d-d246-409b-8a80-773b79bcad50}</UniqueIdentifier>
    </Filter>
    <Filter Include="DirectX12\DirectX12Resource">
      <UniqueIdentifier>{f828545d-72c7-4e1d-8ba4-351977393692}</UniqueIdentifier>
    </Filter>
    <Filter Include="Core">
      <UniqueIdentifier>{21e5ad3b-e080-45e7-a5da-af735d0037e0}</UniqueIdentifier>
    </Filter>
    <Filter Include="Vulkan\VulkanResource">
      <UniqueIdentifier>{f8274785-6fdf-4480-bde2-83889f2feeff}</UniqueIdentifier>
    </Filter>
    <Filter Include="Vulkan\VulkanPipelineState">
      <UniqueIdentifier>{d9dc317a-61e0-4e1c-98b0-c336c8ec55be}</UniqueIdentifier>
    </Filter>
    <Filter Include="Shared">
      <UniqueIdentifier>{7cbef60d-c20a-475f-80ac-f08e1643fd0e}</UniqueIdentifier>
    </Filter>
    <Filter Include="Shared\Enum">
      <UniqueIdentifier>{3bf3d8bf-7093-4b0f-8dbf-35b682520d02}</UniqueIdentifier>
    </Filter>
    <Filter Include="Shared\Exception">
      <UniqueIdentifier>{3d4330dd-cbe5-418a-bf45-0f23f8878aba}</UniqueIdentifier>
    </Filter>
    <Filter Include="Shared\Information">
      <UniqueIdentifier>{782c4430-43b5-41a8-a6a0-f10ecea5c7f9}</UniqueIdentifier>
    </Filter>
  </ItemGroup>
  <ItemGroup>
    <ClInclude Include="Shared\Noncopyable.hpp">
      <Filter>Shared</Filter>
    </ClInclude>
    <ClInclude Include="Interface\GpuDisplayAdapter.hpp">
      <Filter>Interface</Filter>
    </ClInclude>
    <ClInclude Include="Interface\GpuLogicalDevice.hpp">
      <Filter>Interface</Filter>
    </ClInclude>
    <ClInclude Include="Interface\GpuSwapChain.hpp">
      <Filter>Interface</Filter>
    </ClInclude>
    <ClInclude Include="Interface\GpuFrameBuffer.hpp">
      <Filter>Interface</Filter>
    </ClInclude>
    <ClInclude Include="Interface\GpuGraphicsCommandList.hpp">
      <Filter>Interface</Filter>
    </ClInclude>
    <ClInclude Include="Interface\GpuResource\GpuResource.hpp">
      <Filter>Interface\GpuResource</Filter>
    </ClInclude>
    <ClInclude Include="Interface\GpuResource\GpuBuffer.hpp">
      <Filter>Interface\GpuResource</Filter>
    </ClInclude>
    <ClInclude Include="Interface\GpuResource\GpuTexture.hpp">
      <Filter>Interface\GpuResource</Filter>
    </ClInclude>
    <ClInclude Include="Interface\GpuResourceLayout.hpp">
      <Filter>Interface</Filter>
    </ClInclude>
    <ClInclude Include="Interface\GpuSystemInfo.hpp">
      <Filter>Interface</Filter>
    </ClInclude>
    <ClInclude Include="Shared\LayoutElement.hpp">
      <Filter>Shared</Filter>
    </ClInclude>
    <ClInclude Include="Shared\Enum\ResourceType.hpp">
      <Filter>Shared\Enum</Filter>
    </ClInclude>
    <ClInclude Include="Shared\Utility.hpp">
      <Filter>Shared</Filter>
    </ClInclude>
    <ClInclude Include="Shared\Enum\PixelFormat.hpp">
      <Filter>Shared\Enum</Filter>
    </ClInclude>
    <ClInclude Include="Shared\Enum\ResourceUsage.hpp">
      <Filter>Shared\Enum</Filter>
    </ClInclude>
    <ClInclude Include="Shared\Enum\Dimension.hpp">
      <Filter>Shared\Enum</Filter>
    </ClInclude>
    <ClInclude Include="Shared\Enum\MemoryHeap.hpp">
      <Filter>Shared\Enum</Filter>
    </ClInclude>
    <ClInclude Include="Shared\PixelFormatSizeOf.hpp">
      <Filter>Shared</Filter>
    </ClInclude>
    <ClInclude Include="Shared\Exception\Exception.hpp">
      <Filter>Shared\Exception</Filter>
    </ClInclude>
    <ClInclude Include="Interface\GpuFence.hpp">
      <Filter>Interface</Filter>
    </ClInclude>
    <ClInclude Include="Interface\GpuGraphicsPipeline.hpp">
      <Filter>Interface</Filter>
    </ClInclude>
    <ClInclude Include="Shared\Enum\PrimitiveTopology.hpp">
      <Filter>Shared\Enum</Filter>
    </ClInclude>
    <ClInclude Include="Shared\BlendProperty.hpp">
      <Filter>Shared</Filter>
    </ClInclude>
    <ClInclude Include="Shared\Enum\BlendOperator.hpp">
      <Filter>Shared\Enum</Filter>
    </ClInclude>
    <ClInclude Include="Shared\Enum\BlendFactor.hpp">
      <Filter>Shared\Enum</Filter>
    </ClInclude>
    <ClInclude Include="Shared\Enum\ColorMask.hpp">
      <Filter>Shared\Enum</Filter>
    </ClInclude>
    <ClInclude Include="Interface\GpuPipelineState\GpuBlendState.hpp">
      <Filter>Interface\GpuPipelineState</Filter>
    </ClInclude>
    <ClInclude Include="Interface\GpuPipelineState\GpuDepthStencilState.hpp">
      <Filter>Interface\GpuPipelineState</Filter>
    </ClInclude>
    <ClInclude Include="Interface\GpuPipelineState\GpuInputAssemblyState.hpp">
      <Filter>Interface\GpuPipelineState</Filter>
    </ClInclude>
    <ClInclude Include="Interface\GpuPipelineState\GpuPipelineState.hpp">
      <Filter>Interface\GpuPipelineState</Filter>
    </ClInclude>
    <ClInclude Include="Shared\Enum\CompareOperator.hpp">
      <Filter>Shared\Enum</Filter>
    </ClInclude>
    <ClInclude Include="Shared\Enum\StencilOperator.hpp">
      <Filter>Shared\Enum</Filter>
    </ClInclude>
    <ClInclude Include="Shared\StencilOperatorInfo.hpp">
      <Filter>Shared</Filter>
    </ClInclude>
    <ClInclude Include="Interface\GpuPipelineState\GpuRasterizationState.hpp">
      <Filter>Interface\GpuPipelineState</Filter>
    </ClInclude>
    <ClInclude Include="Shared\Enum\CullMode.hpp">
      <Filter>Shared\Enum</Filter>
    </ClInclude>
    <ClInclude Include="Shared\Enum\FillMode.hpp">
      <Filter>Shared\Enum</Filter>
    </ClInclude>
    <ClInclude Include="Shared\Enum\FrontFace.hpp">
      <Filter>Shared\Enum</Filter>
    </ClInclude>
    <ClInclude Include="Shared\ViewPort.hpp">
      <Filter>Shared</Filter>
    </ClInclude>
    <ClInclude Include="Shared\ScissorRect.hpp">
      <Filter>Shared</Filter>
    </ClInclude>
    <ClInclude Include="Shared\Extent.hpp">
      <Filter>Shared</Filter>
    </ClInclude>
    <ClInclude Include="Shared\Enum\ResourceLayout.hpp">
      <Filter>Shared\Enum</Filter>
    </ClInclude>
    <ClInclude Include="DirectX12\DirectX12SystemInfo.hpp">
      <Filter>DirectX12</Filter>
    </ClInclude>
    <ClInclude Include="DirectX12\DirectX12DisplayAdapter.hpp">
      <Filter>DirectX12</Filter>
    </ClInclude>
    <ClInclude Include="DirectX12\DirectX12Utility.hpp">
      <Filter>DirectX12</Filter>
    </ClInclude>
    <ClInclude Include="Shared\DebugReport.hpp">
      <Filter>Shared</Filter>
    </ClInclude>
    <ClInclude Include="Shared\Enum\FilterOptions.hpp">
      <Filter>Shared\Enum</Filter>
    </ClInclude>
    <ClInclude Include="Shared\Enum\AddressMode.hpp">
      <Filter>Shared\Enum</Filter>
    </ClInclude>
    <ClInclude Include="Shared\Information\WindowInfo.hpp">
      <Filter>Shared\Information</Filter>
    </ClInclude>
    <ClInclude Include="Shared\Information\ResourceInfo.hpp">
      <Filter>Shared\Information</Filter>
    </ClInclude>
    <ClInclude Include="Shared\Information\SamplerInfo.hpp">
      <Filter>Shared\Information</Filter>
    </ClInclude>
    <ClInclude Include="Interface\GpuPipelineState\GpuPipelineFactory.hpp">
      <Filter>Interface\GpuPipelineState</Filter>
    </ClInclude>
    <ClInclude Include="DirectX12\DirectX12LogicalDevice.hpp">
      <Filter>DirectX12</Filter>
    </ClInclude>
    <ClInclude Include="Interface\GpuCommandQueue.hpp">
      <Filter>Interface</Filter>
    </ClInclude>
    <ClInclude Include="Interface\GpuCommandAllocator.hpp">
      <Filter>Interface</Filter>
    </ClInclude>
    <ClInclude Include="DirectX12\DirectX12CommandQueue.hpp">
      <Filter>DirectX12</Filter>
    </ClInclude>
    <ClInclude Include="DirectX12\DirectX12CommandAllocator.hpp">
      <Filter>DirectX12</Filter>
    </ClInclude>
    <ClInclude Include="DirectX12\DirectX12GraphicsCommandList.hpp">
      <Filter>DirectX12</Filter>
    </ClInclude>
    <ClInclude Include="DirectX12\DirectX12Fence.hpp">
      <Filter>DirectX12</Filter>
    </ClInclude>
    <ClInclude Include="Interface\GpuResource\GpuSampler.hpp">
      <Filter>Interface\GpuResource</Filter>
    </ClInclude>
    <ClInclude Include="Shared\Enum\BorderColor.hpp">
      <Filter>Shared\Enum</Filter>
    </ClInclude>
    <ClInclude Include="DirectX12\DirectX12ResourceLayout.hpp">
      <Filter>DirectX12</Filter>
    </ClInclude>
    <ClInclude Include="Shared\Enum\ShaderVisibility.hpp">
      <Filter>Shared\Enum</Filter>
    </ClInclude>
    <ClInclude Include="DirectX12\DirectX12Resource\DirectX12Buffer.hpp">
      <Filter>DirectX12\DirectX12Resource</Filter>
    </ClInclude>
    <ClInclude Include="DirectX12\DirectX12Resource\DirectX12Sampler.hpp">
      <Filter>DirectX12\DirectX12Resource</Filter>
    </ClInclude>
    <ClInclude Include="DirectX12\DirectX12Resource\DirectX12Texture.hpp">
      <Filter>DirectX12\DirectX12Resource</Filter>
    </ClInclude>
    <ClInclude Include="DirectX12\DirectX12PipelineState\DirectX12InputAssemblyState.hpp">
      <Filter>DirectX12\DirectX12PipelineState</Filter>
    </ClInclude>
    <ClInclude Include="Interface\GpuPipelineState\GpuShaderState.hpp">
      <Filter>Interface\GpuPipelineState</Filter>
    </ClInclude>
    <ClInclude Include="DirectX12\DirectX12PipelineState\DirectX12ShaderState.hpp">
      <Filter>DirectX12\DirectX12PipelineState</Filter>
    </ClInclude>
    <ClInclude Include="DirectX12\DirectX12PipelineState\DirectX12DepthStencilState.hpp">
      <Filter>DirectX12\DirectX12PipelineState</Filter>
    </ClInclude>
    <ClInclude Include="DirectX12\DirectX12PipelineState\DirectX12BlendState.hpp">
      <Filter>DirectX12\DirectX12PipelineState</Filter>
    </ClInclude>
    <ClInclude Include="DirectX12\DirectX12PipelineState\DirectX12RasterizationState.hpp">
      <Filter>DirectX12\DirectX12PipelineState</Filter>
    </ClInclude>
    <ClInclude Include="DirectX12\DirectX12FrameBuffer.hpp">
      <Filter>DirectX12</Filter>
    </ClInclude>
    <ClInclude Include="DirectX12\DirectX12SwapChain.hpp">
      <Filter>DirectX12</Filter>
    </ClInclude>
    <ClInclude Include="DirectX12\DirectX12GraphicsPipeline.hpp">
      <Filter>DirectX12</Filter>
    </ClInclude>
    <ClInclude Include="DirectX12\DirectX12PipelineState\DirectX12PipelineFactory.hpp">
      <Filter>DirectX12\DirectX12PipelineState</Filter>
    </ClInclude>
    <ClInclude Include="Core\CodeRedGraphics.hpp">
      <Filter>Core</Filter>
    </ClInclude>
    <ClInclude Include="Shared\Enum\DebugType.hpp">
      <Filter>Shared\Enum</Filter>
    </ClInclude>
    <ClInclude Include="Vulkan\VulkanUtility.hpp">
      <Filter>Vulkan</Filter>
    </ClInclude>
    <ClInclude Include="Vulkan\VulkanDisplayAdapter.hpp">
      <Filter>Vulkan</Filter>
    </ClInclude>
    <ClInclude Include="Vulkan\VulkanSystemInfo.hpp">
      <Filter>Vulkan</Filter>
    </ClInclude>
    <ClInclude Include="Vulkan\VulkanLogicalDevice.hpp">
      <Filter>Vulkan</Filter>
    </ClInclude>
    <ClInclude Include="Vulkan\VulkanCommandAllocator.hpp">
      <Filter>Vulkan</Filter>
    </ClInclude>
    <ClInclude Include="Vulkan\VulkanGraphicsCommandList.hpp">
      <Filter>Vulkan</Filter>
    </ClInclude>
    <ClInclude Include="Vulkan\VulkanCommandQueue.hpp">
      <Filter>Vulkan</Filter>
    </ClInclude>
    <ClInclude Include="Vulkan\VulkanFence.hpp">
      <Filter>Vulkan</Filter>
    </ClInclude>
    <ClInclude Include="Vulkan\VulkanResourceLayout.hpp">
      <Filter>Vulkan</Filter>
    </ClInclude>
    <ClInclude Include="Vulkan\VulkanResource\VulkanSampler.hpp">
      <Filter>Vulkan\VulkanResource</Filter>
    </ClInclude>
    <ClInclude Include="Vulkan\VulkanResource\VulkanBuffer.hpp">
      <Filter>Vulkan\VulkanResource</Filter>
    </ClInclude>
    <ClInclude Include="Vulkan\VulkanResource\VulkanTexture.hpp">
      <Filter>Vulkan\VulkanResource</Filter>
    </ClInclude>
    <ClInclude Include="Vulkan\VulkanFrameBuffer.hpp">
      <Filter>Vulkan</Filter>
    </ClInclude>
    <ClInclude Include="Vulkan\VulkanSwapChain.hpp">
      <Filter>Vulkan</Filter>
    </ClInclude>
    <ClInclude Include="Vulkan\VulkanPipelineState\VulkanBlendState.hpp">
      <Filter>Vulkan\VulkanPipelineState</Filter>
    </ClInclude>
    <ClInclude Include="Vulkan\VulkanPipelineState\VulkanDepthStencilState.hpp">
      <Filter>Vulkan\VulkanPipelineState</Filter>
    </ClInclude>
    <ClInclude Include="Vulkan\VulkanPipelineState\VulkanInputAssemblyState.hpp">
      <Filter>Vulkan\VulkanPipelineState</Filter>
    </ClInclude>
    <ClInclude Include="Vulkan\VulkanPipelineState\VulkanRasterizationState.hpp">
      <Filter>Vulkan\VulkanPipelineState</Filter>
    </ClInclude>
    <ClInclude Include="Vulkan\VulkanPipelineState\VulkanShaderState.hpp">
      <Filter>Vulkan\VulkanPipelineState</Filter>
    </ClInclude>
    <ClInclude Include="Shared\Enum\ShaderType.hpp">
      <Filter>Shared\Enum</Filter>
    </ClInclude>
    <ClInclude Include="Vulkan\VulkanPipelineState\VulkanPipelineFactory.hpp">
      <Filter>Vulkan\VulkanPipelineState</Filter>
    </ClInclude>
    <ClInclude Include="Vulkan\VulkanGraphicsPipeline.hpp">
      <Filter>Vulkan</Filter>
    </ClInclude>
    <ClInclude Include="Shared\IdentityAllocator.hpp">
      <Filter>Shared</Filter>
    </ClInclude>
    <ClInclude Include="Interface\GpuRenderPass.hpp">
      <Filter>Interface</Filter>
    </ClInclude>
    <ClInclude Include="Shared\Attachment.hpp">
      <Filter>Shared</Filter>
    </ClInclude>
    <ClInclude Include="Shared\Enum\AttachmentLoad.hpp">
      <Filter>Shared\Enum</Filter>
    </ClInclude>
    <ClInclude Include="Shared\Enum\AttachmentStore.hpp">
      <Filter>Shared\Enum</Filter>
    </ClInclude>
    <ClInclude Include="Shared\ClearValue.hpp">
      <Filter>Shared</Filter>
    </ClInclude>
    <ClInclude Include="DirectX12\DirectX12RenderPass.hpp">
      <Filter>DirectX12</Filter>
    </ClInclude>
    <ClInclude Include="Vulkan\VulkanRenderPass.hpp">
      <Filter>Vulkan</Filter>
    </ClInclude>
    <ClInclude Include="Interface\GpuDescriptorHeap.hpp">
      <Filter>Interface</Filter>
    </ClInclude>
    <ClInclude Include="DirectX12\DirectX12DescriptorHeap.hpp">
      <Filter>DirectX12</Filter>
    </ClInclude>
    <ClInclude Include="Vulkan\VulkanDescriptorHeap.hpp">
      <Filter>Vulkan</Filter>
    </ClInclude>
    <ClInclude Include="Shared\Exception\FailedException.hpp">
      <Filter>Shared\Exception</Filter>
    </ClInclude>
    <ClInclude Include="Shared\Exception\InvalidException.hpp">
      <Filter>Shared\Exception</Filter>
    </ClInclude>
    <ClInclude Include="Shared\Exception\NotSupportException.hpp">
      <Filter>Shared\Exception</Filter>
    </ClInclude>
    <ClInclude Include="Shared\Exception\ZeroException.hpp">
      <Filter>Shared\Exception</Filter>
    </ClInclude>
    <ClInclude Include="Shared\Constant32Bits.hpp">
      <Filter>Shared</Filter>
    </ClInclude>
    <ClInclude Include="Shared\Enum\APIVersion.hpp">
      <Filter>Shared\Enum</Filter>
    </ClInclude>
    <ClInclude Include="Shared\Enum\IndexType.hpp">
      <Filter>Shared\Enum</Filter>
    </ClInclude>
    <ClInclude Include="Shared\Information\TextureCopyInfo.hpp">
      <Filter>Shared\Information</Filter>
    </ClInclude>
    <ClInclude Include="Shared\Information\TextureRefInfo.hpp">
      <Filter>Shared\Information</Filter>
    </ClInclude>
    <ClInclude Include="Shared\ValueRange.hpp">
      <Filter>Shared</Filter>
    </ClInclude>
    <ClInclude Include="Shared\Enum\TextureRefUsage.hpp">
      <Filter>Shared\Enum</Filter>
    </ClInclude>
    <ClInclude Include="Interface\GpuTextureRef.hpp">
      <Filter>Interface</Filter>
    </ClInclude>
    <ClInclude Include="DirectX12\DirectX12TextureRef.hpp">
      <Filter>DirectX12</Filter>
    </ClInclude>
    <ClInclude Include="Vulkan\VulkanTextureRef.hpp">
      <Filter>Vulkan</Filter>
    </ClInclude>
    <ClInclude Include="Shared\Information\TextureBufferInfo.hpp">
      <Filter>Shared\Information</Filter>
    </ClInclude>
    <ClInclude Include="Interface\GpuResource\GpuTextureBuffer.hpp">
      <Filter>Interface\GpuResource</Filter>
    </ClInclude>
    <ClInclude Include="DirectX12\DirectX12Resource\DirectX12TextureBuffer.hpp">
      <Filter>DirectX12\DirectX12Resource</Filter>
    </ClInclude>
    <ClInclude Include="Vulkan\VulkanResource\VulkanTextureBuffer.hpp">
      <Filter>Vulkan\VulkanResource</Filter>
    </ClInclude>
    <ClInclude Include="Shared\Information\TextureBufferCopyInfo.hpp">
      <Filter>Shared\Information</Filter>
    </ClInclude>
    <ClInclude Include="Shared\Enum\MultiSample.hpp">
      <Filter>Shared\Enum</Filter>
    </ClInclude>
    <ClInclude Include="Shared\MultiSampleSizeOf.hpp">
      <Filter>Shared</Filter>
    </ClInclude>
  </ItemGroup>
  <ItemGroup>
    <ClCompile Include="Shared\PixelFormatSizeOf.cpp">
      <Filter>Shared</Filter>
    </ClCompile>
    <ClCompile Include="DirectX12\DirectX12DisplayAdapter.cpp">
      <Filter>DirectX12</Filter>
    </ClCompile>
    <ClCompile Include="DirectX12\DirectX12SystemInfo.cpp">
      <Filter>DirectX12</Filter>
    </ClCompile>
    <ClCompile Include="Shared\DebugReport.cpp">
      <Filter>Shared</Filter>
    </ClCompile>
    <ClCompile Include="DirectX12\DirectX12Utility.cpp">
      <Filter>DirectX12</Filter>
    </ClCompile>
    <ClCompile Include="DirectX12\DirectX12LogicalDevice.cpp">
      <Filter>DirectX12</Filter>
    </ClCompile>
    <ClCompile Include="DirectX12\DirectX12CommandQueue.cpp">
      <Filter>DirectX12</Filter>
    </ClCompile>
    <ClCompile Include="DirectX12\DirectX12CommandAllocator.cpp">
      <Filter>DirectX12</Filter>
    </ClCompile>
    <ClCompile Include="DirectX12\DirectX12GraphicsCommandList.cpp">
      <Filter>DirectX12</Filter>
    </ClCompile>
    <ClCompile Include="DirectX12\DirectX12Fence.cpp">
      <Filter>DirectX12</Filter>
    </ClCompile>
    <ClCompile Include="DirectX12\DirectX12ResourceLayout.cpp">
      <Filter>DirectX12</Filter>
    </ClCompile>
    <ClCompile Include="DirectX12\DirectX12Resource\DirectX12Buffer.cpp">
      <Filter>DirectX12\DirectX12Resource</Filter>
    </ClCompile>
    <ClCompile Include="DirectX12\DirectX12Resource\DirectX12Sampler.cpp">
      <Filter>DirectX12\DirectX12Resource</Filter>
    </ClCompile>
    <ClCompile Include="DirectX12\DirectX12Resource\DirectX12Texture.cpp">
      <Filter>DirectX12\DirectX12Resource</Filter>
    </ClCompile>
    <ClCompile Include="DirectX12\DirectX12PipelineState\DirectX12InputAssemblyState.cpp">
      <Filter>DirectX12\DirectX12PipelineState</Filter>
    </ClCompile>
    <ClCompile Include="DirectX12\DirectX12PipelineState\DirectX12ShaderState.cpp">
      <Filter>DirectX12\DirectX12PipelineState</Filter>
    </ClCompile>
    <ClCompile Include="DirectX12\DirectX12PipelineState\DirectX12DepthStencilState.cpp">
      <Filter>DirectX12\DirectX12PipelineState</Filter>
    </ClCompile>
    <ClCompile Include="DirectX12\DirectX12PipelineState\DirectX12BlendState.cpp">
      <Filter>DirectX12\DirectX12PipelineState</Filter>
    </ClCompile>
    <ClCompile Include="DirectX12\DirectX12PipelineState\DirectX12RasterizationState.cpp">
      <Filter>DirectX12\DirectX12PipelineState</Filter>
    </ClCompile>
    <ClCompile Include="DirectX12\DirectX12FrameBuffer.cpp">
      <Filter>DirectX12</Filter>
    </ClCompile>
    <ClCompile Include="Interface\GpuConstructor.cpp">
      <Filter>Interface</Filter>
    </ClCompile>
    <ClCompile Include="DirectX12\DirectX12SwapChain.cpp">
      <Filter>DirectX12</Filter>
    </ClCompile>
    <ClCompile Include="DirectX12\DirectX12GraphicsPipeline.cpp">
      <Filter>DirectX12</Filter>
    </ClCompile>
    <ClCompile Include="DirectX12\DirectX12PipelineState\DirectX12PipelineFactory.cpp">
      <Filter>DirectX12\DirectX12PipelineState</Filter>
    </ClCompile>
    <ClCompile Include="Shared\Exception\Exception.cpp">
      <Filter>Shared\Exception</Filter>
    </ClCompile>
    <ClCompile Include="Vulkan\VulkanDisplayAdapter.cpp">
      <Filter>Vulkan</Filter>
    </ClCompile>
    <ClCompile Include="Vulkan\VulkanSystemInfo.cpp">
      <Filter>Vulkan</Filter>
    </ClCompile>
    <ClCompile Include="Vulkan\VulkanLogicalDevice.cpp">
      <Filter>Vulkan</Filter>
    </ClCompile>
    <ClCompile Include="Vulkan\VulkanUtility.cpp">
      <Filter>Vulkan</Filter>
    </ClCompile>
    <ClCompile Include="Vulkan\VulkanCommandAllocator.cpp">
      <Filter>Vulkan</Filter>
    </ClCompile>
    <ClCompile Include="Vulkan\VulkanGraphicsCommandList.cpp">
      <Filter>Vulkan</Filter>
    </ClCompile>
    <ClCompile Include="Vulkan\VulkanCommandQueue.cpp">
      <Filter>Vulkan</Filter>
    </ClCompile>
    <ClCompile Include="Vulkan\VulkanFence.cpp">
      <Filter>Vulkan</Filter>
    </ClCompile>
    <ClCompile Include="Vulkan\VulkanResourceLayout.cpp">
      <Filter>Vulkan</Filter>
    </ClCompile>
    <ClCompile Include="Vulkan\VulkanResource\VulkanSampler.cpp">
      <Filter>Vulkan\VulkanResource</Filter>
    </ClCompile>
    <ClCompile Include="Vulkan\VulkanResource\VulkanBuffer.cpp">
      <Filter>Vulkan\VulkanResource</Filter>
    </ClCompile>
    <ClCompile Include="Vulkan\VulkanResource\VulkanTexture.cpp">
      <Filter>Vulkan\VulkanResource</Filter>
    </ClCompile>
    <ClCompile Include="Vulkan\VulkanFrameBuffer.cpp">
      <Filter>Vulkan</Filter>
    </ClCompile>
    <ClCompile Include="Vulkan\VulkanSwapChain.cpp">
      <Filter>Vulkan</Filter>
    </ClCompile>
    <ClCompile Include="Vulkan\VulkanPipelineState\VulkanBlendState.cpp">
      <Filter>Vulkan\VulkanPipelineState</Filter>
    </ClCompile>
    <ClCompile Include="Vulkan\VulkanPipelineState\VulkanDepthStencilState.cpp">
      <Filter>Vulkan\VulkanPipelineState</Filter>
    </ClCompile>
    <ClCompile Include="Vulkan\VulkanPipelineState\VulkanInputAssemblyState.cpp">
      <Filter>Vulkan\VulkanPipelineState</Filter>
    </ClCompile>
    <ClCompile Include="Vulkan\VulkanPipelineState\VulkanRasterizationState.cpp">
      <Filter>Vulkan\VulkanPipelineState</Filter>
    </ClCompile>
    <ClCompile Include="Vulkan\VulkanPipelineState\VulkanShaderState.cpp">
      <Filter>Vulkan\VulkanPipelineState</Filter>
    </ClCompile>
    <ClCompile Include="Vulkan\VulkanPipelineState\VulkanPipelineFactory.cpp">
      <Filter>Vulkan\VulkanPipelineState</Filter>
    </ClCompile>
    <ClCompile Include="Vulkan\VulkanGraphicsPipeline.cpp">
      <Filter>Vulkan</Filter>
    </ClCompile>
    <ClCompile Include="DirectX12\DirectX12RenderPass.cpp">
      <Filter>DirectX12</Filter>
    </ClCompile>
    <ClCompile Include="Vulkan\VulkanRenderPass.cpp">
      <Filter>Vulkan</Filter>
    </ClCompile>
    <ClCompile Include="DirectX12\DirectX12DescriptorHeap.cpp">
      <Filter>DirectX12</Filter>
    </ClCompile>
    <ClCompile Include="Vulkan\VulkanDescriptorHeap.cpp">
      <Filter>Vulkan</Filter>
    </ClCompile>
    <ClCompile Include="DirectX12\DirectX12TextureRef.cpp">
      <Filter>DirectX12</Filter>
    </ClCompile>
    <ClCompile Include="Vulkan\VulkanTextureRef.cpp">
      <Filter>Vulkan</Filter>
    </ClCompile>
    <ClCompile Include="DirectX12\DirectX12Resource\DirectX12TextureBuffer.cpp">
      <Filter>DirectX12\DirectX12Resource</Filter>
    </ClCompile>
    <ClCompile Include="Vulkan\VulkanResource\VulkanTextureBuffer.cpp">
      <Filter>Vulkan\VulkanResource</Filter>
    </ClCompile>
    <ClCompile Include="Shared\MultiSampleSizeOf.cpp">
      <Filter>Shared</Filter>
    </ClCompile>
  </ItemGroup>
</Project>