<?xml version="1.0" encoding="utf-8"?>
<Project ToolsVersion="4.0" xmlns="http://schemas.microsoft.com/developer/msbuild/2003">
  <ItemGroup>
    <Filter Include="Interface">
      <UniqueIdentifier>{132f9193-214e-4e88-b462-423d855a4cc7}</UniqueIdentifier>
    </Filter>
    <Filter Include="Shared">
      <UniqueIdentifier>{7cbef60d-c20a-475f-80ac-f08e1643fd0e}</UniqueIdentifier>
    </Filter>
    <Filter Include="Interface\GpuResource">
      <UniqueIdentifier>{eb847b49-d5aa-4f9a-801d-88651ce4d884}</UniqueIdentifier>
    </Filter>
    <Filter Include="Shared\Enum">
      <UniqueIdentifier>{3bf3d8bf-7093-4b0f-8dbf-35b682520d02}</UniqueIdentifier>
    </Filter>
    <Filter Include="Shared\Exception">
      <UniqueIdentifier>{3d4330dd-cbe5-418a-bf45-0f23f8878aba}</UniqueIdentifier>
    </Filter>
    <Filter Include="Interface\GpuPipelineState">
      <UniqueIdentifier>{cb246ab6-e842-4d88-ad78-a8035862f3f9}</UniqueIdentifier>
    </Filter>
    <Filter Include="Vulkan">
      <UniqueIdentifier>{3dcbe29d-c303-4fe2-8673-a5201709d6af}</UniqueIdentifier>
    </Filter>
    <Filter Include="DirectX12">
      <UniqueIdentifier>{bf9d1fca-2732-42db-8a96-7cfc66bbcd90}</UniqueIdentifier>
    </Filter>
  </ItemGroup>
  <ItemGroup>
    <ClInclude Include="Shared\Noncopyable.hpp">
      <Filter>Shared</Filter>
    </ClInclude>
    <ClInclude Include="Interface\GpuDisplayAdapter.hpp">
      <Filter>Interface</Filter>
    </ClInclude>
    <ClInclude Include="Interface\GpuLogicalDevice.hpp">
      <Filter>Interface</Filter>
    </ClInclude>
    <ClInclude Include="Interface\GpuSwapChain.hpp">
      <Filter>Interface</Filter>
    </ClInclude>
    <ClInclude Include="Interface\GpuFrameBuffer.hpp">
      <Filter>Interface</Filter>
    </ClInclude>
    <ClInclude Include="Interface\GpuGraphicsCommandList.hpp">
      <Filter>Interface</Filter>
    </ClInclude>
    <ClInclude Include="Interface\GpuResource\GpuResource.hpp">
      <Filter>Interface\GpuResource</Filter>
    </ClInclude>
    <ClInclude Include="Interface\GpuResource\GpuBuffer.hpp">
      <Filter>Interface\GpuResource</Filter>
    </ClInclude>
    <ClInclude Include="Interface\GpuResource\GpuTexture.hpp">
      <Filter>Interface\GpuResource</Filter>
    </ClInclude>
    <ClInclude Include="Interface\GpuResourceLayout.hpp">
      <Filter>Interface</Filter>
    </ClInclude>
    <ClInclude Include="Interface\GpuSystemInfo.hpp">
      <Filter>Interface</Filter>
    </ClInclude>
    <ClInclude Include="Shared\LayoutElement.hpp">
      <Filter>Shared</Filter>
    </ClInclude>
    <ClInclude Include="Shared\Enum\ResourceType.hpp">
      <Filter>Shared\Enum</Filter>
    </ClInclude>
    <ClInclude Include="Shared\Utility.hpp">
      <Filter>Shared</Filter>
    </ClInclude>
    <ClInclude Include="Shared\Enum\ShaderVisable.hpp">
      <Filter>Shared\Enum</Filter>
    </ClInclude>
    <ClInclude Include="Shared\Enum\PixelFormat.hpp">
      <Filter>Shared\Enum</Filter>
    </ClInclude>
    <ClInclude Include="Shared\Enum\ResourceUsage.hpp">
      <Filter>Shared\Enum</Filter>
    </ClInclude>
    <ClInclude Include="Shared\ResourceInfo.hpp">
      <Filter>Shared</Filter>
    </ClInclude>
    <ClInclude Include="Shared\Enum\Dimension.hpp">
      <Filter>Shared\Enum</Filter>
    </ClInclude>
    <ClInclude Include="Shared\Enum\MemoryHeap.hpp">
      <Filter>Shared\Enum</Filter>
    </ClInclude>
    <ClInclude Include="Shared\PixelFormatSizeOf.hpp">
      <Filter>Shared</Filter>
    </ClInclude>
    <ClInclude Include="Shared\Exception\Exception.hpp">
      <Filter>Shared\Exception</Filter>
    </ClInclude>
    <ClInclude Include="Shared\Exception\NotSupportException.hpp">
      <Filter>Shared\Exception</Filter>
    </ClInclude>
    <ClInclude Include="Shared\Exception\ZeroException.hpp">
      <Filter>Shared\Exception</Filter>
    </ClInclude>
    <ClInclude Include="Shared\Exception\InvalidException.hpp">
      <Filter>Shared\Exception</Filter>
    </ClInclude>
    <ClInclude Include="Shared\Exception\AssertException.hpp">
      <Filter>Shared\Exception</Filter>
    </ClInclude>
    <ClInclude Include="Interface\GpuFence.hpp">
      <Filter>Interface</Filter>
    </ClInclude>
    <ClInclude Include="Interface\GpuGraphicsPipeline.hpp">
      <Filter>Interface</Filter>
    </ClInclude>
    <ClInclude Include="Shared\Enum\PrimitiveTopology.hpp">
      <Filter>Shared\Enum</Filter>
    </ClInclude>
    <ClInclude Include="Shared\BlendProperty.hpp">
      <Filter>Shared</Filter>
    </ClInclude>
    <ClInclude Include="Shared\Enum\BlendOperator.hpp">
      <Filter>Shared\Enum</Filter>
    </ClInclude>
    <ClInclude Include="Shared\Enum\BlendFactor.hpp">
      <Filter>Shared\Enum</Filter>
    </ClInclude>
    <ClInclude Include="Shared\Enum\ColorMask.hpp">
      <Filter>Shared\Enum</Filter>
    </ClInclude>
    <ClInclude Include="Interface\GpuPipelineState\GpuBlendState.hpp">
      <Filter>Interface\GpuPipelineState</Filter>
    </ClInclude>
    <ClInclude Include="Interface\GpuPipelineState\GpuDepthStencilState.hpp">
      <Filter>Interface\GpuPipelineState</Filter>
    </ClInclude>
    <ClInclude Include="Interface\GpuPipelineState\GpuInputAssemblyState.hpp">
      <Filter>Interface\GpuPipelineState</Filter>
    </ClInclude>
    <ClInclude Include="Interface\GpuPipelineState\GpuPipelineState.hpp">
      <Filter>Interface\GpuPipelineState</Filter>
    </ClInclude>
    <ClInclude Include="Shared\Enum\CompareOperator.hpp">
      <Filter>Shared\Enum</Filter>
    </ClInclude>
    <ClInclude Include="Shared\Enum\StencilOperator.hpp">
      <Filter>Shared\Enum</Filter>
    </ClInclude>
    <ClInclude Include="Shared\StencilOperatorInfo.hpp">
      <Filter>Shared</Filter>
    </ClInclude>
    <ClInclude Include="Interface\GpuPipelineState\GpuRasterizationState.hpp">
      <Filter>Interface\GpuPipelineState</Filter>
    </ClInclude>
    <ClInclude Include="Shared\Enum\CullMode.hpp">
      <Filter>Shared\Enum</Filter>
    </ClInclude>
    <ClInclude Include="Shared\Enum\FillMode.hpp">
      <Filter>Shared\Enum</Filter>
    </ClInclude>
    <ClInclude Include="Shared\Enum\FrontFace.hpp">
      <Filter>Shared\Enum</Filter>
    </ClInclude>
    <ClInclude Include="Interface\GpuPipelineState\GpuVertexShaderState.hpp">
      <Filter>Interface\GpuPipelineState</Filter>
    </ClInclude>
    <ClInclude Include="Interface\GpuPipelineState\GpuPixelShaderState.hpp">
      <Filter>Interface\GpuPipelineState</Filter>
    </ClInclude>
    <ClInclude Include="Shared\ViewPort.hpp">
      <Filter>Shared</Filter>
    </ClInclude>
    <ClInclude Include="Shared\ScissorRect.hpp">
      <Filter>Shared</Filter>
    </ClInclude>
    <ClInclude Include="Interface\GpuGraphicsCommandQueue.hpp">
      <Filter>Interface</Filter>
    </ClInclude>
    <ClInclude Include="Shared\Extent.hpp">
      <Filter>Shared</Filter>
    </ClInclude>
    <ClInclude Include="Shared\Enum\ResourceLayout.hpp">
      <Filter>Shared\Enum</Filter>
    </ClInclude>
    <ClInclude Include="DirectX12\DirectX12SystemInfo.hpp">
      <Filter>DirectX12</Filter>
    </ClInclude>
    <ClInclude Include="DirectX12\DirectX12DisplayAdapter.hpp">
      <Filter>DirectX12</Filter>
    </ClInclude>
    <ClInclude Include="DirectX12\DirectX12Utility.hpp">
      <Filter>DirectX12</Filter>
    </ClInclude>
    <ClInclude Include="Shared\Exception\FailedException.hpp">
      <Filter>Shared\Exception</Filter>
    </ClInclude>
    <ClInclude Include="Shared\DebugReport.hpp">
      <Filter>Shared</Filter>
    </ClInclude>
    <ClInclude Include="Interface\GpuSampler.hpp">
      <Filter>Interface</Filter>
    </ClInclude>
    <ClInclude Include="Shared\Enum\FilterOptions.hpp">
      <Filter>Shared\Enum</Filter>
    </ClInclude>
    <ClInclude Include="Shared\Enum\AddressMode.hpp">
      <Filter>Shared\Enum</Filter>
    </ClInclude>
  </ItemGroup>
  <ItemGroup>
    <ClCompile Include="Shared\PixelFormatSizeOf.cpp">
      <Filter>Shared</Filter>
    </ClCompile>
    <ClCompile Include="DirectX12\DirectX12DisplayAdapter.cpp">
      <Filter>DirectX12</Filter>
    </ClCompile>
    <ClCompile Include="DirectX12\DirectX12SystemInfo.cpp">
      <Filter>DirectX12</Filter>
    </ClCompile>
    <ClCompile Include="Shared\DebugReport.cpp">
      <Filter>Shared</Filter>
    </ClCompile>
    <ClCompile Include="DirectX12\DirectX12Utility.cpp">
      <Filter>DirectX12</Filter>
    </ClCompile>
  </ItemGroup>
</Project>