<?xml version="1.0" encoding="utf-8"?>
<Project ToolsVersion="4.0" xmlns="http://schemas.microsoft.com/developer/msbuild/2003">
  <ItemGroup>
    <Filter Include="Interface">
      <UniqueIdentifier>{132f9193-214e-4e88-b462-423d855a4cc7}</UniqueIdentifier>
    </Filter>
    <Filter Include="Shared">
      <UniqueIdentifier>{7cbef60d-c20a-475f-80ac-f08e1643fd0e}</UniqueIdentifier>
    </Filter>
    <Filter Include="Interface\GpuResource">
      <UniqueIdentifier>{eb847b49-d5aa-4f9a-801d-88651ce4d884}</UniqueIdentifier>
    </Filter>
    <Filter Include="Shared\Enum">
      <UniqueIdentifier>{3bf3d8bf-7093-4b0f-8dbf-35b682520d02}</UniqueIdentifier>
    </Filter>
    <Filter Include="Shared\Exception">
      <UniqueIdentifier>{3d4330dd-cbe5-418a-bf45-0f23f8878aba}</UniqueIdentifier>
    </Filter>
    <Filter Include="Interface\GpuPipelineState">
      <UniqueIdentifier>{cb246ab6-e842-4d88-ad78-a8035862f3f9}</UniqueIdentifier>
    </Filter>
  </ItemGroup>
  <ItemGroup>
    <ClInclude Include="Shared\Noncopyable.hpp">
      <Filter>Shared</Filter>
    </ClInclude>
    <ClInclude Include="Interface\GpuDisplayAdapter.hpp">
      <Filter>Interface</Filter>
    </ClInclude>
    <ClInclude Include="Interface\GpuLogicalDevice.hpp">
      <Filter>Interface</Filter>
    </ClInclude>
    <ClInclude Include="Interface\GpuSwapChain.hpp">
      <Filter>Interface</Filter>
    </ClInclude>
    <ClInclude Include="Interface\GpuFrameBuffer.hpp">
      <Filter>Interface</Filter>
    </ClInclude>
    <ClInclude Include="Interface\GpuGraphicsCommandList.hpp">
      <Filter>Interface</Filter>
    </ClInclude>
    <ClInclude Include="Interface\GpuResource\GpuResource.hpp">
      <Filter>Interface\GpuResource</Filter>
    </ClInclude>
    <ClInclude Include="Interface\GpuResource\GpuBuffer.hpp">
      <Filter>Interface\GpuResource</Filter>
    </ClInclude>
    <ClInclude Include="Interface\GpuResource\GpuTexture.hpp">
      <Filter>Interface\GpuResource</Filter>
    </ClInclude>
    <ClInclude Include="Interface\GpuResourceLayout.hpp">
      <Filter>Interface</Filter>
    </ClInclude>
    <ClInclude Include="Interface\GpuSystemInfo.hpp">
      <Filter>Interface</Filter>
    </ClInclude>
    <ClInclude Include="Shared\LayoutElement.hpp">
      <Filter>Shared</Filter>
    </ClInclude>
    <ClInclude Include="Shared\Enum\ResourceType.hpp">
      <Filter>Shared\Enum</Filter>
    </ClInclude>
    <ClInclude Include="Shared\Utility.hpp">
      <Filter>Shared</Filter>
    </ClInclude>
    <ClInclude Include="Shared\Enum\ShaderVisable.hpp">
      <Filter>Shared\Enum</Filter>
    </ClInclude>
    <ClInclude Include="Shared\Enum\PixelFormat.hpp">
      <Filter>Shared\Enum</Filter>
    </ClInclude>
    <ClInclude Include="Shared\Enum\ResourceUsage.hpp">
      <Filter>Shared\Enum</Filter>
    </ClInclude>
    <ClInclude Include="Shared\ResourceInfo.hpp">
      <Filter>Shared</Filter>
    </ClInclude>
    <ClInclude Include="Shared\Enum\Dimension.hpp">
      <Filter>Shared\Enum</Filter>
    </ClInclude>
    <ClInclude Include="Shared\Enum\MemoryHeap.hpp">
      <Filter>Shared\Enum</Filter>
    </ClInclude>
    <ClInclude Include="Shared\PixelFormatSizeOf.hpp">
      <Filter>Shared</Filter>
    </ClInclude>
    <ClInclude Include="Shared\Exception\Exception.hpp">
      <Filter>Shared\Exception</Filter>
    </ClInclude>
    <ClInclude Include="Shared\Exception\NotSupportException.hpp">
      <Filter>Shared\Exception</Filter>
    </ClInclude>
    <ClInclude Include="Shared\Exception\ZeroException.hpp">
      <Filter>Shared\Exception</Filter>
    </ClInclude>
    <ClInclude Include="Shared\Exception\InvalidException.hpp">
      <Filter>Shared\Exception</Filter>
    </ClInclude>
    <ClInclude Include="Shared\Exception\AssertException.hpp">
      <Filter>Shared\Exception</Filter>
    </ClInclude>
    <ClInclude Include="Interface\GpuFence.hpp">
      <Filter>Interface</Filter>
    </ClInclude>
    <ClInclude Include="Interface\GpuGraphicsPipeline.hpp">
      <Filter>Interface</Filter>
    </ClInclude>
    <ClInclude Include="Shared\Enum\PrimitiveTopology.hpp">
      <Filter>Shared\Enum</Filter>
    </ClInclude>
    <ClInclude Include="Shared\BlendProperty.hpp">
      <Filter>Shared</Filter>
    </ClInclude>
    <ClInclude Include="Shared\Enum\BlendOperator.hpp">
      <Filter>Shared\Enum</Filter>
    </ClInclude>
    <ClInclude Include="Shared\Enum\BlendFactor.hpp">
      <Filter>Shared\Enum</Filter>
    </ClInclude>
    <ClInclude Include="Shared\Enum\ColorMask.hpp">
      <Filter>Shared\Enum</Filter>
    </ClInclude>
    <ClInclude Include="Interface\GpuPipelineState\GpuBlendState.hpp">
      <Filter>Interface\GpuPipelineState</Filter>
    </ClInclude>
    <ClInclude Include="Interface\GpuPipelineState\GpuDepthStencilState.hpp">
      <Filter>Interface\GpuPipelineState</Filter>
    </ClInclude>
    <ClInclude Include="Interface\GpuPipelineState\GpuInputAssemblyState.hpp">
      <Filter>Interface\GpuPipelineState</Filter>
    </ClInclude>
    <ClInclude Include="Interface\GpuPipelineState\GpuPipelineState.hpp">
      <Filter>Interface\GpuPipelineState</Filter>
    </ClInclude>
    <ClInclude Include="Shared\Enum\CompareOperator.hpp">
      <Filter>Shared\Enum</Filter>
    </ClInclude>
    <ClInclude Include="Shared\Enum\StencilOperator.hpp">
      <Filter>Shared\Enum</Filter>
    </ClInclude>
    <ClInclude Include="Shared\StencilOperatorInfo.hpp">
      <Filter>Shared</Filter>
    </ClInclude>
    <ClInclude Include="Interface\GpuPipelineState\GpuRasterizationState.hpp">
      <Filter>Interface\GpuPipelineState</Filter>
    </ClInclude>
    <ClInclude Include="Shared\Enum\CullMode.hpp">
      <Filter>Shared\Enum</Filter>
    </ClInclude>
    <ClInclude Include="Shared\Enum\FillMode.hpp">
      <Filter>Shared\Enum</Filter>
    </ClInclude>
    <ClInclude Include="Shared\Enum\FrontFace.hpp">
      <Filter>Shared\Enum</Filter>
    </ClInclude>
  </ItemGroup>
  <ItemGroup>
    <ClCompile Include="Shared\PixelFormatSizeOf.cpp">
      <Filter>Shared</Filter>
    </ClCompile>
  </ItemGroup>
</Project>