<?xml version="1.0" encoding="utf-8"?>
<Project ToolsVersion="4.0" xmlns="http://schemas.microsoft.com/developer/msbuild/2003">
  <ItemGroup>
    <Filter Include="Shaders">
      <UniqueIdentifier>{a039b487-e18e-4ac1-b8d3-5d6dd41ccd2a}</UniqueIdentifier>
    </Filter>
    <Filter Include="Resources">
      <UniqueIdentifier>{85ba000d-b168-43b1-a60d-3427d363b7fa}</UniqueIdentifier>
    </Filter>
    <Filter Include="Resources\synth-rubber">
      <UniqueIdentifier>{c34dc849-ce40-44ce-81c7-2216b6df2451}</UniqueIdentifier>
    </Filter>
    <Filter Include="Resources\broken_down_concrete2">
      <UniqueIdentifier>{f46fe0b9-3ba8-4e03-8bf3-289a7ac33d55}</UniqueIdentifier>
    </Filter>
    <Filter Include="Resources\plasticpattern1">
      <UniqueIdentifier>{a99c79e6-0b32-40d8-a264-372b1cc54a3c}</UniqueIdentifier>
    </Filter>
  </ItemGroup>
  <ItemGroup>
    <ClCompile Include="main.cpp" />
    <ClCompile Include="EffectPassDemoApp.cpp" />
  </ItemGroup>
  <ItemGroup>
    <ClInclude Include="EffectPassDemoApp.hpp" />
  </ItemGroup>
  <ItemGroup>
    <CopyFileToFolders Include="Resources\synth-rubber\synth-rubber-normal.png" />
    <CopyFileToFolders Include="Resources\synth-rubber\albedo.png" />
    <CopyFileToFolders Include="Resources\synth-rubber\metalness.png" />
    <CopyFileToFolders Include="Resources\synth-rubber\roughness.png" />
  </ItemGroup>
  <ItemGroup>
    <Image Include="Resources\synth-rubber\ao.png">
      <Filter>Resources\synth-rubber</Filter>
    </Image>
    <Image Include="Resources\broken_down_concrete2\albedo.png">
      <Filter>Resources\broken_down_concrete2</Filter>
    </Image>
    <Image Include="Resources\broken_down_concrete2\ao.png">
      <Filter>Resources\broken_down_concrete2</Filter>
    </Image>
    <Image Include="Resources\broken_down_concrete2\metallic.png">
      <Filter>Resources\broken_down_concrete2</Filter>
    </Image>
    <Image Include="Resources\broken_down_concrete2\roughness.png">
      <Filter>Resources\broken_down_concrete2</Filter>
    </Image>
    <Image Include="Resources\plasticpattern1\albedo.png">
      <Filter>Resources\plasticpattern1</Filter>
    </Image>
    <Image Include="Resources\plasticpattern1\ao.png">
      <Filter>Resources\plasticpattern1</Filter>
    </Image>
    <Image Include="Resources\plasticpattern1\metalness.png">
      <Filter>Resources\plasticpattern1</Filter>
    </Image>
    <Image Include="Resources\plasticpattern1\roughness.png">
      <Filter>Resources\plasticpattern1</Filter>
    </Image>
  </ItemGroup>
</Project>