<?xml version="1.0" encoding="utf-8"?>
<Project ToolsVersion="4.0" xmlns="http://schemas.microsoft.com/developer/msbuild/2003">
  <ItemGroup>
    <Filter Include="Shaders">
      <UniqueIdentifier>{a039b487-e18e-4ac1-b8d3-5d6dd41ccd2a}</UniqueIdentifier>
    </Filter>
    <Filter Include="Resources">
      <UniqueIdentifier>{85ba000d-b168-43b1-a60d-3427d363b7fa}</UniqueIdentifier>
    </Filter>
    <Filter Include="Resources\synth-rubber">
      <UniqueIdentifier>{c34dc849-ce40-44ce-81c7-2216b6df2451}</UniqueIdentifier>
    </Filter>
    <Filter Include="Resources\broken_down_concrete2">
      <UniqueIdentifier>{f46fe0b9-3ba8-4e03-8bf3-289a7ac33d55}</UniqueIdentifier>
    </Filter>
    <Filter Include="Resources\plasticpattern1">
      <UniqueIdentifier>{a99c79e6-0b32-40d8-a264-372b1cc54a3c}</UniqueIdentifier>
    </Filter>
    <Filter Include="Resources\grimy-metal">
      <UniqueIdentifier>{bcad121a-c054-49da-96bd-aeff334ce44b}</UniqueIdentifier>
    </Filter>
    <Filter Include="Resources\metalgrid1">
      <UniqueIdentifier>{2217d412-5d2a-440e-a7e4-4b9f79bd000d}</UniqueIdentifier>
    </Filter>
    <Filter Include="Resources\wornpaintedcement">
      <UniqueIdentifier>{8a8a57e0-ce3e-4d88-8682-f23031158fc4}</UniqueIdentifier>
    </Filter>
  </ItemGroup>
  <ItemGroup>
    <ClCompile Include="main.cpp" />
    <ClCompile Include="EffectPassDemoApp.cpp" />
  </ItemGroup>
  <ItemGroup>
    <ClInclude Include="EffectPassDemoApp.hpp" />
  </ItemGroup>
</Project>